
Microsoft Visual Studio Solution File, Format Version 12.00
# Visual Studio 14
VisualStudioVersion = 14.0.23107.0
MinimumVisualStudioVersion = 10.0.40219.1
Project("{FAE04EC0-301F-11D3-BF4B-00C04F79EFBC}") = "YoGurukul.Tests", "YoGurukul.Tests\YoGurukul.Tests.csproj", "{61176A99-C237-4536-9E5F-E5C5F7D5B6A7}"
EndProject
Project("{2150E333-8FDC-42A3-9474-1A3956D46DE8}") = "Data", "Data", "{C59AA8D1-7A45-4C77-B497-BE9760F94BF5}"
EndProject
Project("{2150E333-8FDC-42A3-9474-1A3956D46DE8}") = "Business", "Business", "{A0DB7B3F-FA06-4C02-9180-DA0A5B769A12}"
EndProject
Project("{2150E333-8FDC-42A3-9474-1A3956D46DE8}") = "Service", "Service", "{B3DBECFB-6CB4-468A-A544-F47F97F661D9}"
EndProject
Project("{2150E333-8FDC-42A3-9474-1A3956D46DE8}") = "UI", "UI", "{381A286F-267F-4E9C-920F-EC36886471ED}"
EndProject
Project("{2150E333-8FDC-42A3-9474-1A3956D46DE8}") = "Test", "Test", "{AD2A9D95-D661-4F3E-980F-133E6C5E9B6D}"
EndProject
Project("{FAE04EC0-301F-11D3-BF4B-00C04F79EFBC}") = "YoGurukul.DataContract", "YoGurukul.DataContract\YoGurukul.DataContract.csproj", "{9DFA5F13-CC95-4457-8FF7-14ACBF8C9CAE}"
EndProject
Project("{FAE04EC0-301F-11D3-BF4B-00C04F79EFBC}") = "YoGurukul.Business", "YoGurukul.Business\YoGurukul.Business.csproj", "{71CBFB32-D7C2-450C-B116-3C47D7A3213A}"
EndProject
Project("{FAE04EC0-301F-11D3-BF4B-00C04F79EFBC}") = "YoGurukul.Services", "YoGurukul.Services\YoGurukul.Services.csproj", "{D5801048-03A3-4A55-A04B-9EB336B3E745}"
EndProject
Project("{FAE04EC0-301F-11D3-BF4B-00C04F79EFBC}") = "YoGurukul.Entities", "YoGurukul.Entities\YoGurukul.Entities.csproj", "{AAA7B719-30D9-46A0-A0DA-3F9CBB12CA45}"
EndProject
Project("{FAE04EC0-301F-11D3-BF4B-00C04F79EFBC}") = "YoGurukul.Repository", "YoGurukul.Repository\YoGurukul.Repository.csproj", "{C57A3451-5399-475E-8685-FEBE8513817D}"
EndProject
Project("{FAE04EC0-301F-11D3-BF4B-00C04F79EFBC}") = "YoGurukul", "YoGurukul\YoGurukul.csproj", "{78E2E405-BED4-4585-A278-78050D926E1A}"
EndProject
Project("{2150E333-8FDC-42A3-9474-1A3956D46DE8}") = "Framework", "Framework", "{0F3F6B60-3ABA-4653-8ADA-9ABED73EEB51}"
EndProject
Project("{FAE04EC0-301F-11D3-BF4B-00C04F79EFBC}") = "YoGurukul.Web", "YoGurukul.Web\YoGurukul.Web.csproj", "{15248915-072E-40C9-8B88-56C9EE4ADB88}"
EndProject
Global
	GlobalSection(SolutionConfigurationPlatforms) = preSolution
		Debug|Any CPU = Debug|Any CPU
		Release|Any CPU = Release|Any CPU
	EndGlobalSection
	GlobalSection(ProjectConfigurationPlatforms) = postSolution
		{61176A99-C237-4536-9E5F-E5C5F7D5B6A7}.Debug|Any CPU.ActiveCfg = Debug|Any CPU
		{61176A99-C237-4536-9E5F-E5C5F7D5B6A7}.Debug|Any CPU.Build.0 = Debug|Any CPU
		{61176A99-C237-4536-9E5F-E5C5F7D5B6A7}.Release|Any CPU.ActiveCfg = Release|Any CPU
		{61176A99-C237-4536-9E5F-E5C5F7D5B6A7}.Release|Any CPU.Build.0 = Release|Any CPU
		{9DFA5F13-CC95-4457-8FF7-14ACBF8C9CAE}.Debug|Any CPU.ActiveCfg = Debug|Any CPU
		{9DFA5F13-CC95-4457-8FF7-14ACBF8C9CAE}.Debug|Any CPU.Build.0 = Debug|Any CPU
		{9DFA5F13-CC95-4457-8FF7-14ACBF8C9CAE}.Release|Any CPU.ActiveCfg = Release|Any CPU
		{9DFA5F13-CC95-4457-8FF7-14ACBF8C9CAE}.Release|Any CPU.Build.0 = Release|Any CPU
		{71CBFB32-D7C2-450C-B116-3C47D7A3213A}.Debug|Any CPU.ActiveCfg = Debug|Any CPU
		{71CBFB32-D7C2-450C-B116-3C47D7A3213A}.Debug|Any CPU.Build.0 = Debug|Any CPU
		{71CBFB32-D7C2-450C-B116-3C47D7A3213A}.Release|Any CPU.ActiveCfg = Release|Any CPU
		{71CBFB32-D7C2-450C-B116-3C47D7A3213A}.Release|Any CPU.Build.0 = Release|Any CPU
		{D5801048-03A3-4A55-A04B-9EB336B3E745}.Debug|Any CPU.ActiveCfg = Debug|Any CPU
		{D5801048-03A3-4A55-A04B-9EB336B3E745}.Debug|Any CPU.Build.0 = Debug|Any CPU
		{D5801048-03A3-4A55-A04B-9EB336B3E745}.Release|Any CPU.ActiveCfg = Release|Any CPU
		{D5801048-03A3-4A55-A04B-9EB336B3E745}.Release|Any CPU.Build.0 = Release|Any CPU
		{AAA7B719-30D9-46A0-A0DA-3F9CBB12CA45}.Debug|Any CPU.ActiveCfg = Debug|Any CPU
		{AAA7B719-30D9-46A0-A0DA-3F9CBB12CA45}.Debug|Any CPU.Build.0 = Debug|Any CPU
		{AAA7B719-30D9-46A0-A0DA-3F9CBB12CA45}.Release|Any CPU.ActiveCfg = Release|Any CPU
		{AAA7B719-30D9-46A0-A0DA-3F9CBB12CA45}.Release|Any CPU.Build.0 = Release|Any CPU
		{C57A3451-5399-475E-8685-FEBE8513817D}.Debug|Any CPU.ActiveCfg = Debug|Any CPU
		{C57A3451-5399-475E-8685-FEBE8513817D}.Debug|Any CPU.Build.0 = Debug|Any CPU
		{C57A3451-5399-475E-8685-FEBE8513817D}.Release|Any CPU.ActiveCfg = Release|Any CPU
		{C57A3451-5399-475E-8685-FEBE8513817D}.Release|Any CPU.Build.0 = Release|Any CPU
		{78E2E405-BED4-4585-A278-78050D926E1A}.Debug|Any CPU.ActiveCfg = Debug|Any CPU
		{78E2E405-BED4-4585-A278-78050D926E1A}.Debug|Any CPU.Build.0 = Debug|Any CPU
		{78E2E405-BED4-4585-A278-78050D926E1A}.Release|Any CPU.ActiveCfg = Release|Any CPU
		{78E2E405-BED4-4585-A278-78050D926E1A}.Release|Any CPU.Build.0 = Release|Any CPU
		{15248915-072E-40C9-8B88-56C9EE4ADB88}.Debug|Any CPU.ActiveCfg = Debug|Any CPU
		{15248915-072E-40C9-8B88-56C9EE4ADB88}.Debug|Any CPU.Build.0 = Debug|Any CPU
		{15248915-072E-40C9-8B88-56C9EE4ADB88}.Release|Any CPU.ActiveCfg = Release|Any CPU
		{15248915-072E-40C9-8B88-56C9EE4ADB88}.Release|Any CPU.Build.0 = Release|Any CPU
	EndGlobalSection
	GlobalSection(SolutionProperties) = preSolution
		HideSolutionNode = FALSE
	EndGlobalSection
	GlobalSection(NestedProjects) = preSolution
		{61176A99-C237-4536-9E5F-E5C5F7D5B6A7} = {AD2A9D95-D661-4F3E-980F-133E6C5E9B6D}
		{9DFA5F13-CC95-4457-8FF7-14ACBF8C9CAE} = {A0DB7B3F-FA06-4C02-9180-DA0A5B769A12}
		{71CBFB32-D7C2-450C-B116-3C47D7A3213A} = {A0DB7B3F-FA06-4C02-9180-DA0A5B769A12}
		{D5801048-03A3-4A55-A04B-9EB336B3E745} = {B3DBECFB-6CB4-468A-A544-F47F97F661D9}
		{AAA7B719-30D9-46A0-A0DA-3F9CBB12CA45} = {C59AA8D1-7A45-4C77-B497-BE9760F94BF5}
		{C57A3451-5399-475E-8685-FEBE8513817D} = {C59AA8D1-7A45-4C77-B497-BE9760F94BF5}
		{78E2E405-BED4-4585-A278-78050D926E1A} = {381A286F-267F-4E9C-920F-EC36886471ED}
		{15248915-072E-40C9-8B88-56C9EE4ADB88} = {381A286F-267F-4E9C-920F-EC36886471ED}
	EndGlobalSection
EndGlobal
